
Microsoft Visual Studio Solution File, Format Version 12.00
# Visual Studio Version 16
VisualStudioVersion = 16.0.30804.86
MinimumVisualStudioVersion = 10.0.40219.1
Project("{FAE04EC0-301F-11D3-BF4B-00C04F79EFBC}") = "easy2kicadtool", "easy2kicadtool.csproj", "{2929E3AC-3DBC-4DBA-85F3-A68D130B74FE}"
EndProject
Global
	GlobalSection(SolutionConfigurationPlatforms) = preSolution
		Debug|Any CPU = Debug|Any CPU
		Release|Any CPU = Release|Any CPU
	EndGlobalSection
	GlobalSection(ProjectConfigurationPlatforms) = postSolution
		{2929E3AC-3DBC-4DBA-85F3-A68D130B74FE}.Debug|Any CPU.ActiveCfg = Debug|Any CPU
		{2929E3AC-3DBC-4DBA-85F3-A68D130B74FE}.Debug|Any CPU.Build.0 = Debug|Any CPU
		{2929E3AC-3DBC-4DBA-85F3-A68D130B74FE}.Release|Any CPU.ActiveCfg = Release|Any CPU
		{2929E3AC-3DBC-4DBA-85F3-A68D130B74FE}.Release|Any CPU.Build.0 = Release|Any CPU
	EndGlobalSection
	GlobalSection(SolutionProperties) = preSolution
		HideSolutionNode = FALSE
	EndGlobalSection
	GlobalSection(ExtensibilityGlobals) = postSolution
		SolutionGuid = {F8DD2195-B35C-4D3C-9E27-F7705489B59E}
	EndGlobalSection
EndGlobal
